// !$*UTF8*$!
{
	archiveVersion = 1;
	classes = {
	};
	objectVersion = 56;
	objects = {

/* Begin PBXBuildFile section */
		664267DC2B77F8B40013D8EE /* AppDelegate.swift in Sources */ = {isa = PBXBuildFile; fileRef = 664267DB2B77F8B40013D8EE /* AppDelegate.swift */; };
		664267DE2B77F8B40013D8EE /* SceneDelegate.swift in Sources */ = {isa = PBXBuildFile; fileRef = 664267DD2B77F8B40013D8EE /* SceneDelegate.swift */; };
		664267E52B77F8B60013D8EE /* AppIcon.xcassets in Resources */ = {isa = PBXBuildFile; fileRef = 664267E42B77F8B60013D8EE /* AppIcon.xcassets */; };
		664267FB2B77F93F0013D8EE /* LaunchScreen.storyboard in Resources */ = {isa = PBXBuildFile; fileRef = 664267F22B77F93F0013D8EE /* LaunchScreen.storyboard */; };
		664267FC2B77F93F0013D8EE /* MainViewController.swift in Sources */ = {isa = PBXBuildFile; fileRef = 664267F52B77F93F0013D8EE /* MainViewController.swift */; };
		664267FD2B77F93F0013D8EE /* MainView.storyboard in Resources */ = {isa = PBXBuildFile; fileRef = 664267F62B77F93F0013D8EE /* MainView.storyboard */; };
		664267FE2B77F93F0013D8EE /* MinorViewController.swift in Sources */ = {isa = PBXBuildFile; fileRef = 664267F92B77F93F0013D8EE /* MinorViewController.swift */; };
		664267FF2B77F93F0013D8EE /* MinorView.storyboard in Resources */ = {isa = PBXBuildFile; fileRef = 664267FA2B77F93F0013D8EE /* MinorView.storyboard */; };
/* End PBXBuildFile section */

/* Begin PBXFileReference section */
		664267D82B77F8B40013D8EE /* VCLifeCycle.app */ = {isa = PBXFileReference; explicitFileType = wrapper.application; includeInIndex = 0; path = VCLifeCycle.app; sourceTree = BUILT_PRODUCTS_DIR; };
		664267DB2B77F8B40013D8EE /* AppDelegate.swift */ = {isa = PBXFileReference; lastKnownFileType = sourcecode.swift; path = AppDelegate.swift; sourceTree = "<group>"; };
		664267DD2B77F8B40013D8EE /* SceneDelegate.swift */ = {isa = PBXFileReference; lastKnownFileType = sourcecode.swift; path = SceneDelegate.swift; sourceTree = "<group>"; };
		664267E42B77F8B60013D8EE /* AppIcon.xcassets */ = {isa = PBXFileReference; lastKnownFileType = folder.assetcatalog; path = AppIcon.xcassets; sourceTree = "<group>"; };
		664267E92B77F8B60013D8EE /* Info.plist */ = {isa = PBXFileReference; lastKnownFileType = text.plist.xml; path = Info.plist; sourceTree = "<group>"; };
		664267F32B77F93F0013D8EE /* Base */ = {isa = PBXFileReference; lastKnownFileType = file.storyboard; name = Base; path = Base.lproj/LaunchScreen.storyboard; sourceTree = "<group>"; };
		664267F52B77F93F0013D8EE /* MainViewController.swift */ = {isa = PBXFileReference; fileEncoding = 4; lastKnownFileType = sourcecode.swift; path = MainViewController.swift; sourceTree = "<group>"; };
		664267F72B77F93F0013D8EE /* Base */ = {isa = PBXFileReference; lastKnownFileType = file.storyboard; name = Base; path = Base.lproj/MainView.storyboard; sourceTree = "<group>"; };
		664267F92B77F93F0013D8EE /* MinorViewController.swift */ = {isa = PBXFileReference; fileEncoding = 4; lastKnownFileType = sourcecode.swift; path = MinorViewController.swift; sourceTree = "<group>"; };
		664267FA2B77F93F0013D8EE /* MinorView.storyboard */ = {isa = PBXFileReference; fileEncoding = 4; lastKnownFileType = file.storyboard; path = MinorView.storyboard; sourceTree = "<group>"; };
/* End PBXFileReference section */

/* Begin PBXFrameworksBuildPhase section */
		664267D52B77F8B40013D8EE /* Frameworks */ = {
			isa = PBXFrameworksBuildPhase;
			buildActionMask = 2147483647;
			files = (
			);
			runOnlyForDeploymentPostprocessing = 0;
		};
/* End PBXFrameworksBuildPhase section */

/* Begin PBXGroup section */
		664267CF2B77F8B40013D8EE = {
			isa = PBXGroup;
			children = (
				664267DA2B77F8B40013D8EE /* VCLifeCycle */,
				664267D92B77F8B40013D8EE /* Products */,
			);
			sourceTree = "<group>";
		};
		664267D92B77F8B40013D8EE /* Products */ = {
			isa = PBXGroup;
			children = (
				664267D82B77F8B40013D8EE /* VCLifeCycle.app */,
			);
			name = Products;
			sourceTree = "<group>";
		};
		664267DA2B77F8B40013D8EE /* VCLifeCycle */ = {
			isa = PBXGroup;
			children = (
				664267F02B77F93F0013D8EE /* Screens */,
				664267EF2B77F9010013D8EE /* Utilities */,
			);
			path = VCLifeCycle;
			sourceTree = "<group>";
		};
		664267EF2B77F9010013D8EE /* Utilities */ = {
			isa = PBXGroup;
			children = (
				664267DB2B77F8B40013D8EE /* AppDelegate.swift */,
				664267DD2B77F8B40013D8EE /* SceneDelegate.swift */,
				664267E42B77F8B60013D8EE /* AppIcon.xcassets */,
				664267E92B77F8B60013D8EE /* Info.plist */,
			);
			path = Utilities;
			sourceTree = "<group>";
		};
		664267F02B77F93F0013D8EE /* Screens */ = {
			isa = PBXGroup;
			children = (
				664267F12B77F93F0013D8EE /* Launch */,
				664267F42B77F93F0013D8EE /* Main */,
				664267F82B77F93F0013D8EE /* Minor */,
			);
			path = Screens;
			sourceTree = "<group>";
		};
		664267F12B77F93F0013D8EE /* Launch */ = {
			isa = PBXGroup;
			children = (
				664267F22B77F93F0013D8EE /* LaunchScreen.storyboard */,
			);
			path = Launch;
			sourceTree = "<group>";
		};
		664267F42B77F93F0013D8EE /* Main */ = {
			isa = PBXGroup;
			children = (
				664267F52B77F93F0013D8EE /* MainViewController.swift */,
				664267F62B77F93F0013D8EE /* MainView.storyboard */,
			);
			path = Main;
			sourceTree = "<group>";
		};
		664267F82B77F93F0013D8EE /* Minor */ = {
			isa = PBXGroup;
			children = (
				664267F92B77F93F0013D8EE /* MinorViewController.swift */,
				664267FA2B77F93F0013D8EE /* MinorView.storyboard */,
			);
			path = Minor;
			sourceTree = "<group>";
		};
/* End PBXGroup section */

/* Begin PBXNativeTarget section */
		664267D72B77F8B40013D8EE /* VCLifeCycle */ = {
			isa = PBXNativeTarget;
			buildConfigurationList = 664267EC2B77F8B60013D8EE /* Build configuration list for PBXNativeTarget "VCLifeCycle" */;
			buildPhases = (
				664267D42B77F8B40013D8EE /* Sources */,
				664267D52B77F8B40013D8EE /* Frameworks */,
				664267D62B77F8B40013D8EE /* Resources */,
			);
			buildRules = (
			);
			dependencies = (
			);
			name = VCLifeCycle;
			productName = VCLifeCycle;
			productReference = 664267D82B77F8B40013D8EE /* VCLifeCycle.app */;
			productType = "com.apple.product-type.application";
		};
/* End PBXNativeTarget section */

/* Begin PBXProject section */
		664267D02B77F8B40013D8EE /* Project object */ = {
			isa = PBXProject;
			attributes = {
				BuildIndependentTargetsInParallel = 1;
				LastSwiftUpdateCheck = 1420;
				LastUpgradeCheck = 1420;
				TargetAttributes = {
					664267D72B77F8B40013D8EE = {
						CreatedOnToolsVersion = 14.2;
					};
				};
			};
			buildConfigurationList = 664267D32B77F8B40013D8EE /* Build configuration list for PBXProject "VCLifeCycle" */;
			compatibilityVersion = "Xcode 14.0";
			developmentRegion = en;
			hasScannedForEncodings = 0;
			knownRegions = (
				en,
				Base,
			);
			mainGroup = 664267CF2B77F8B40013D8EE;
			productRefGroup = 664267D92B77F8B40013D8EE /* Products */;
			projectDirPath = "";
			projectRoot = "";
			targets = (
				664267D72B77F8B40013D8EE /* VCLifeCycle */,
			);
		};
/* End PBXProject section */

/* Begin PBXResourcesBuildPhase section */
		664267D62B77F8B40013D8EE /* Resources */ = {
			isa = PBXResourcesBuildPhase;
			buildActionMask = 2147483647;
			files = (
				664267E52B77F8B60013D8EE /* AppIcon.xcassets in Resources */,
				664267FD2B77F93F0013D8EE /* MainView.storyboard in Resources */,
				664267FB2B77F93F0013D8EE /* LaunchScreen.storyboard in Resources */,
				664267FF2B77F93F0013D8EE /* MinorView.storyboard in Resources */,
			);
			runOnlyForDeploymentPostprocessing = 0;
		};
/* End PBXResourcesBuildPhase section */

/* Begin PBXSourcesBuildPhase section */
		664267D42B77F8B40013D8EE /* Sources */ = {
			isa = PBXSourcesBuildPhase;
			buildActionMask = 2147483647;
			files = (
				664267FE2B77F93F0013D8EE /* MinorViewController.swift in Sources */,
				664267FC2B77F93F0013D8EE /* MainViewController.swift in Sources */,
				664267DC2B77F8B40013D8EE /* AppDelegate.swift in Sources */,
				664267DE2B77F8B40013D8EE /* SceneDelegate.swift in Sources */,
			);
			runOnlyForDeploymentPostprocessing = 0;
		};
/* End PBXSourcesBuildPhase section */

/* Begin PBXVariantGroup section */
		664267F22B77F93F0013D8EE /* LaunchScreen.storyboard */ = {
			isa = PBXVariantGroup;
			children = (
				664267F32B77F93F0013D8EE /* Base */,
			);
			name = LaunchScreen.storyboard;
			sourceTree = "<group>";
		};
		664267F62B77F93F0013D8EE /* MainView.storyboard */ = {
			isa = PBXVariantGroup;
			children = (
				664267F72B77F93F0013D8EE /* Base */,
			);
			name = MainView.storyboard;
			sourceTree = "<group>";
		};
/* End PBXVariantGroup section */

/* Begin XCBuildConfiguration section */
		664267EA2B77F8B60013D8EE /* Debug */ = {
			isa = XCBuildConfiguration;
			buildSettings = {
				ALWAYS_SEARCH_USER_PATHS = NO;
				CLANG_ANALYZER_NONNULL = YES;
				CLANG_ANALYZER_NUMBER_OBJECT_CONVERSION = YES_AGGRESSIVE;
				CLANG_CXX_LANGUAGE_STANDARD = "gnu++20";
				CLANG_ENABLE_MODULES = YES;
				CLANG_ENABLE_OBJC_ARC = YES;
				CLANG_ENABLE_OBJC_WEAK = YES;
				CLANG_WARN_BLOCK_CAPTURE_AUTORELEASING = YES;
				CLANG_WARN_BOOL_CONVERSION = YES;
				CLANG_WARN_COMMA = YES;
				CLANG_WARN_CONSTANT_CONVERSION = YES;
				CLANG_WARN_DEPRECATED_OBJC_IMPLEMENTATIONS = YES;
				CLANG_WARN_DIRECT_OBJC_ISA_USAGE = YES_ERROR;
				CLANG_WARN_DOCUMENTATION_COMMENTS = YES;
				CLANG_WARN_EMPTY_BODY = YES;
				CLANG_WARN_ENUM_CONVERSION = YES;
				CLANG_WARN_INFINITE_RECURSION = YES;
				CLANG_WARN_INT_CONVERSION = YES;
				CLANG_WARN_NON_LITERAL_NULL_CONVERSION = YES;
				CLANG_WARN_OBJC_IMPLICIT_RETAIN_SELF = YES;
				CLANG_WARN_OBJC_LITERAL_CONVERSION = YES;
				CLANG_WARN_OBJC_ROOT_CLASS = YES_ERROR;
				CLANG_WARN_QUOTED_INCLUDE_IN_FRAMEWORK_HEADER = YES;
				CLANG_WARN_RANGE_LOOP_ANALYSIS = YES;
				CLANG_WARN_STRICT_PROTOTYPES = YES;
				CLANG_WARN_SUSPICIOUS_MOVE = YES;
				CLANG_WARN_UNGUARDED_AVAILABILITY = YES_AGGRESSIVE;
				CLANG_WARN_UNREACHABLE_CODE = YES;
				CLANG_WARN__DUPLICATE_METHOD_MATCH = YES;
				COPY_PHASE_STRIP = NO;
				DEBUG_INFORMATION_FORMAT = dwarf;
				ENABLE_STRICT_OBJC_MSGSEND = YES;
				ENABLE_TESTABILITY = YES;
				GCC_C_LANGUAGE_STANDARD = gnu11;
				GCC_DYNAMIC_NO_PIC = NO;
				GCC_NO_COMMON_BLOCKS = YES;
				GCC_OPTIMIZATION_LEVEL = 0;
				GCC_PREPROCESSOR_DEFINITIONS = (
					"DEBUG=1",
					"$(inherited)",
				);
				GCC_WARN_64_TO_32_BIT_CONVERSION = YES;
				GCC_WARN_ABOUT_RETURN_TYPE = YES_ERROR;
				GCC_WARN_UNDECLARED_SELECTOR = YES;
				GCC_WARN_UNINITIALIZED_AUTOS = YES_AGGRESSIVE;
				GCC_WARN_UNUSED_FUNCTION = YES;
				GCC_WARN_UNUSED_VARIABLE = YES;
				IPHONEOS_DEPLOYMENT_TARGET = 16.2;
				MTL_ENABLE_DEBUG_INFO = INCLUDE_SOURCE;
				MTL_FAST_MATH = YES;
				ONLY_ACTIVE_ARCH = YES;
				SDKROOT = iphoneos;
				SWIFT_ACTIVE_COMPILATION_CONDITIONS = DEBUG;
				SWIFT_OPTIMIZATION_LEVEL = "-Onone";
			};
			name = Debug;
		};
		664267EB2B77F8B60013D8EE /* Release */ = {
			isa = XCBuildConfiguration;
			buildSettings = {
				ALWAYS_SEARCH_USER_PATHS = NO;
				CLANG_ANALYZER_NONNULL = YES;
				CLANG_ANALYZER_NUMBER_OBJECT_CONVERSION = YES_AGGRESSIVE;
				CLANG_CXX_LANGUAGE_STANDARD = "gnu++20";
				CLANG_ENABLE_MODULES = YES;
				CLANG_ENABLE_OBJC_ARC = YES;
				CLANG_ENABLE_OBJC_WEAK = YES;
				CLANG_WARN_BLOCK_CAPTURE_AUTORELEASING = YES;
				CLANG_WARN_BOOL_CONVERSION = YES;
				CLANG_WARN_COMMA = YES;
				CLANG_WARN_CONSTANT_CONVERSION = YES;
				CLANG_WARN_DEPRECATED_OBJC_IMPLEMENTATIONS = YES;
				CLANG_WARN_DIRECT_OBJC_ISA_USAGE = YES_ERROR;
				CLANG_WARN_DOCUMENTATION_COMMENTS = YES;
				CLANG_WARN_EMPTY_BODY = YES;
				CLANG_WARN_ENUM_CONVERSION = YES;
				CLANG_WARN_INFINITE_RECURSION = YES;
				CLANG_WARN_INT_CONVERSION = YES;
				CLANG_WARN_NON_LITERAL_NULL_CONVERSION = YES;
				CLANG_WARN_OBJC_IMPLICIT_RETAIN_SELF = YES;
				CLANG_WARN_OBJC_LITERAL_CONVERSION = YES;
				CLANG_WARN_OBJC_ROOT_CLASS = YES_ERROR;
				CLANG_WARN_QUOTED_INCLUDE_IN_FRAMEWORK_HEADER = YES;
				CLANG_WARN_RANGE_LOOP_ANALYSIS = YES;
				CLANG_WARN_STRICT_PROTOTYPES = YES;
				CLANG_WARN_SUSPICIOUS_MOVE = YES;
				CLANG_WARN_UNGUARDED_AVAILABILITY = YES_AGGRESSIVE;
				CLANG_WARN_UNREACHABLE_CODE = YES;
				CLANG_WARN__DUPLICATE_METHOD_MATCH = YES;
				COPY_PHASE_STRIP = NO;
				DEBUG_INFORMATION_FORMAT = "dwarf-with-dsym";
				ENABLE_NS_ASSERTIONS = NO;
				ENABLE_STRICT_OBJC_MSGSEND = YES;
				GCC_C_LANGUAGE_STANDARD = gnu11;
				GCC_NO_COMMON_BLOCKS = YES;
				GCC_WARN_64_TO_32_BIT_CONVERSION = YES;
				GCC_WARN_ABOUT_RETURN_TYPE = YES_ERROR;
				GCC_WARN_UNDECLARED_SELECTOR = YES;
				GCC_WARN_UNINITIALIZED_AUTOS = YES_AGGRESSIVE;
				GCC_WARN_UNUSED_FUNCTION = YES;
				GCC_WARN_UNUSED_VARIABLE = YES;
				IPHONEOS_DEPLOYMENT_TARGET = 16.2;
				MTL_ENABLE_DEBUG_INFO = NO;
				MTL_FAST_MATH = YES;
				SDKROOT = iphoneos;
				SWIFT_COMPILATION_MODE = wholemodule;
				SWIFT_OPTIMIZATION_LEVEL = "-O";
				VALIDATE_PRODUCT = YES;
			};
			name = Release;
		};
		664267ED2B77F8B60013D8EE /* Debug */ = {
			isa = XCBuildConfiguration;
			buildSettings = {
				ASSETCATALOG_COMPILER_APPICON_NAME = AppIcon;
				ASSETCATALOG_COMPILER_GLOBAL_ACCENT_COLOR_NAME = AccentColor;
				CODE_SIGN_STYLE = Automatic;
				CURRENT_PROJECT_VERSION = 1;
				DEVELOPMENT_TEAM = 5GWB2H668N;
				GENERATE_INFOPLIST_FILE = YES;
				INFOPLIST_FILE = VCLifeCycle/Utilities/Info.plist;
				INFOPLIST_KEY_UIApplicationSupportsIndirectInputEvents = YES;
				INFOPLIST_KEY_UILaunchStoryboardName = LaunchScreen;
				INFOPLIST_KEY_UIMainStoryboardFile = MainView;
				INFOPLIST_KEY_UISupportedInterfaceOrientations_iPad = "UIInterfaceOrientationPortrait UIInterfaceOrientationPortraitUpsideDown UIInterfaceOrientationLandscapeLeft UIInterfaceOrientationLandscapeRight";
				INFOPLIST_KEY_UISupportedInterfaceOrientations_iPhone = "UIInterfaceOrientationPortrait UIInterfaceOrientationLandscapeLeft UIInterfaceOrientationLandscapeRight";
				IPHONEOS_DEPLOYMENT_TARGET = 16.0;
				LD_RUNPATH_SEARCH_PATHS = (
					"$(inherited)",
					"@executable_path/Frameworks",
				);
				MARKETING_VERSION = 1.0;
				PRODUCT_BUNDLE_IDENTIFIER = com.slemeshaev.VCLifeCycle;
				PRODUCT_NAME = "$(TARGET_NAME)";
				SWIFT_EMIT_LOC_STRINGS = YES;
				SWIFT_VERSION = 5.0;
				TARGETED_DEVICE_FAMILY = "1,2";
			};
			name = Debug;
		};
		664267EE2B77F8B60013D8EE /* Release */ = {
			isa = XCBuildConfiguration;
			buildSettings = {
				ASSETCATALOG_COMPILER_APPICON_NAME = AppIcon;
				ASSETCATALOG_COMPILER_GLOBAL_ACCENT_COLOR_NAME = AccentColor;
				CODE_SIGN_STYLE = Automatic;
				CURRENT_PROJECT_VERSION = 1;
				DEVELOPMENT_TEAM = 5GWB2H668N;
				GENERATE_INFOPLIST_FILE = YES;
				INFOPLIST_FILE = VCLifeCycle/Utilities/Info.plist;
				INFOPLIST_KEY_UIApplicationSupportsIndirectInputEvents = YES;
				INFOPLIST_KEY_UILaunchStoryboardName = LaunchScreen;
				INFOPLIST_KEY_UIMainStoryboardFile = MainView;
				INFOPLIST_KEY_UISupportedInterfaceOrientations_iPad = "UIInterfaceOrientationPortrait UIInterfaceOrientationPortraitUpsideDown UIInterfaceOrientationLandscapeLeft UIInterfaceOrientationLandscapeRight";
				INFOPLIST_KEY_UISupportedInterfaceOrientations_iPhone = "UIInterfaceOrientationPortrait UIInterfaceOrientationLandscapeLeft UIInterfaceOrientationLandscapeRight";
				IPHONEOS_DEPLOYMENT_TARGET = 16.0;
				LD_RUNPATH_SEARCH_PATHS = (
					"$(inherited)",
					"@executable_path/Frameworks",
				);
				MARKETING_VERSION = 1.0;
				PRODUCT_BUNDLE_IDENTIFIER = com.slemeshaev.VCLifeCycle;
				PRODUCT_NAME = "$(TARGET_NAME)";
				SWIFT_EMIT_LOC_STRINGS = YES;
				SWIFT_VERSION = 5.0;
				TARGETED_DEVICE_FAMILY = "1,2";
			};
			name = Release;
		};
/* End XCBuildConfiguration section */

/* Begin XCConfigurationList section */
		664267D32B77F8B40013D8EE /* Build configuration list for PBXProject "VCLifeCycle" */ = {
			isa = XCConfigurationList;
			buildConfigurations = (
				664267EA2B77F8B60013D8EE /* Debug */,
				664267EB2B77F8B60013D8EE /* Release */,
			);
			defaultConfigurationIsVisible = 0;
			defaultConfigurationName = Release;
		};
		664267EC2B77F8B60013D8EE /* Build configuration list for PBXNativeTarget "VCLifeCycle" */ = {
			isa = XCConfigurationList;
			buildConfigurations = (
				664267ED2B77F8B60013D8EE /* Debug */,
				664267EE2B77F8B60013D8EE /* Release */,
			);
			defaultConfigurationIsVisible = 0;
			defaultConfigurationName = Release;
		};
/* End XCConfigurationList section */
	};
	rootObject = 664267D02B77F8B40013D8EE /* Project object */;
}
